
Microsoft Visual Studio Solution File, Format Version 12.00
# Visual Studio Version 17
VisualStudioVersion = 17.8.34322.80
MinimumVisualStudioVersion = 10.0.40219.1
Project("{FAE04EC0-301F-11D3-BF4B-00C04F79EFBC}") = "LogAnalyzer", "LogAnalyzer.csproj", "{E701A641-251A-4CF1-BA5F-6CF7BCF54620}"
EndProject
Global
	GlobalSection(SolutionConfigurationPlatforms) = preSolution
		Debug|Any CPU = Debug|Any CPU
		Release|Any CPU = Release|Any CPU
	EndGlobalSection
	GlobalSection(ProjectConfigurationPlatforms) = postSolution
		{E701A641-251A-4CF1-BA5F-6CF7BCF54620}.Debug|Any CPU.ActiveCfg = Debug|Any CPU
		{E701A641-251A-4CF1-BA5F-6CF7BCF54620}.Debug|Any CPU.Build.0 = Debug|Any CPU
		{E701A641-251A-4CF1-BA5F-6CF7BCF54620}.Release|Any CPU.ActiveCfg = Release|Any CPU
		{E701A641-251A-4CF1-BA5F-6CF7BCF54620}.Release|Any CPU.Build.0 = Release|Any CPU
	EndGlobalSection
	GlobalSection(SolutionProperties) = preSolution
		HideSolutionNode = FALSE
	EndGlobalSection
	GlobalSection(ExtensibilityGlobals) = postSolution
		SolutionGuid = {029643FB-266C-41D6-AA9A-8896500311FD}
	EndGlobalSection
EndGlobal
